
Microsoft Visual Studio Solution File, Format Version 12.00
# Visual Studio 15
VisualStudioVersion = 15.0.27130.2026
MinimumVisualStudioVersion = 10.0.40219.1
Project("{9A19103F-16F7-4668-BE54-9A1E7A4F7556}") = "vega.OAuth", "vega.OAuth\vega.OAuth.csproj", "{71D0A35B-A29A-4616-A66C-7FBECDBFE423}"
EndProject
Project("{9A19103F-16F7-4668-BE54-9A1E7A4F7556}") = "vega.API", "vega.API\vega.API.csproj", "{FB448B3F-8190-40B4-AA99-D0FFFCA0F956}"
EndProject
Global
	GlobalSection(SolutionConfigurationPlatforms) = preSolution
		Debug|Any CPU = Debug|Any CPU
		Release|Any CPU = Release|Any CPU
	EndGlobalSection
	GlobalSection(ProjectConfigurationPlatforms) = postSolution
		{71D0A35B-A29A-4616-A66C-7FBECDBFE423}.Debug|Any CPU.ActiveCfg = Debug|Any CPU
		{71D0A35B-A29A-4616-A66C-7FBECDBFE423}.Debug|Any CPU.Build.0 = Debug|Any CPU
		{71D0A35B-A29A-4616-A66C-7FBECDBFE423}.Release|Any CPU.ActiveCfg = Release|Any CPU
		{71D0A35B-A29A-4616-A66C-7FBECDBFE423}.Release|Any CPU.Build.0 = Release|Any CPU
		{FB448B3F-8190-40B4-AA99-D0FFFCA0F956}.Debug|Any CPU.ActiveCfg = Debug|Any CPU
		{FB448B3F-8190-40B4-AA99-D0FFFCA0F956}.Debug|Any CPU.Build.0 = Debug|Any CPU
		{FB448B3F-8190-40B4-AA99-D0FFFCA0F956}.Release|Any CPU.ActiveCfg = Release|Any CPU
		{FB448B3F-8190-40B4-AA99-D0FFFCA0F956}.Release|Any CPU.Build.0 = Release|Any CPU
	EndGlobalSection
	GlobalSection(SolutionProperties) = preSolution
		HideSolutionNode = FALSE
	EndGlobalSection
	GlobalSection(ExtensibilityGlobals) = postSolution
		SolutionGuid = {1E1E444C-83DD-44E0-9753-A4C201692A34}
	EndGlobalSection
EndGlobal
